
Microsoft Visual Studio Solution File, Format Version 12.00
# Visual Studio Version 17
VisualStudioVersion = 17.3.32929.385
MinimumVisualStudioVersion = 10.0.40219.1
Project("{9A19103F-16F7-4668-BE54-9A1E7A4F7556}") = "Cvs2XmlConverter", "Cvs2XmlConverter\Cvs2XmlConverter.csproj", "{81FEFD8E-C2DA-44BB-8A1A-9EAEE164A6AE}"
EndProject
Global
	GlobalSection(SolutionConfigurationPlatforms) = preSolution
		Debug|Any CPU = Debug|Any CPU
		Release|Any CPU = Release|Any CPU
	EndGlobalSection
	GlobalSection(ProjectConfigurationPlatforms) = postSolution
		{81FEFD8E-C2DA-44BB-8A1A-9EAEE164A6AE}.Debug|Any CPU.ActiveCfg = Debug|Any CPU
		{81FEFD8E-C2DA-44BB-8A1A-9EAEE164A6AE}.Debug|Any CPU.Build.0 = Debug|Any CPU
		{81FEFD8E-C2DA-44BB-8A1A-9EAEE164A6AE}.Release|Any CPU.ActiveCfg = Release|Any CPU
		{81FEFD8E-C2DA-44BB-8A1A-9EAEE164A6AE}.Release|Any CPU.Build.0 = Release|Any CPU
	EndGlobalSection
	GlobalSection(SolutionProperties) = preSolution
		HideSolutionNode = FALSE
	EndGlobalSection
	GlobalSection(ExtensibilityGlobals) = postSolution
		SolutionGuid = {74BB5E50-8EF7-4873-8FE1-9BE34FE2EB66}
	EndGlobalSection
EndGlobal
